
Microsoft Visual Studio Solution File, Format Version 12.00
# Visual Studio Version 17
VisualStudioVersion = 17.11.35219.272
MinimumVisualStudioVersion = 10.0.40219.1
Project("{FAE04EC0-301F-11D3-BF4B-00C04F79EFBC}") = "p4g64.simplelocalizationfixes", "p4g64.simplelocalizationfixes\p4g64.simplelocalizationfixes.csproj", "{E8D4F809-3735-4847-9C0A-2D035C1E4821}"
EndProject
Global
	GlobalSection(SolutionConfigurationPlatforms) = preSolution
		Debug|Any CPU = Debug|Any CPU
		Release|Any CPU = Release|Any CPU
	EndGlobalSection
	GlobalSection(ProjectConfigurationPlatforms) = postSolution
		{E8D4F809-3735-4847-9C0A-2D035C1E4821}.Debug|Any CPU.ActiveCfg = Debug|Any CPU
		{E8D4F809-3735-4847-9C0A-2D035C1E4821}.Debug|Any CPU.Build.0 = Debug|Any CPU
		{E8D4F809-3735-4847-9C0A-2D035C1E4821}.Release|Any CPU.ActiveCfg = Release|Any CPU
		{E8D4F809-3735-4847-9C0A-2D035C1E4821}.Release|Any CPU.Build.0 = Release|Any CPU
	EndGlobalSection
	GlobalSection(SolutionProperties) = preSolution
		HideSolutionNode = FALSE
	EndGlobalSection
	GlobalSection(ExtensibilityGlobals) = postSolution
		SolutionGuid = {9D737990-2139-48F9-BE2F-83CABAEFF7B9}
	EndGlobalSection
EndGlobal
